{
  "qontinui_schemas_sha": "677303b166bb1774c1523232dd28c3068b0d79a8",
  "crate": "rust-vision-core",
  "bin": "vision-audit",
  "note": "Pins the qontinui-schemas commit the `vision-audit` analyzer is built from for the CI style gate (.github/workflows/style-gate.yml reads this file to know what to checkout). Bump = its own reviewable PR; the gate never changes behavior silently under a green check."
}
